
Microsoft Visual Studio Solution File, Format Version 12.00
# Visual Studio Version 17
VisualStudioVersion = 17.5.33516.290
MinimumVisualStudioVersion = 10.0.40219.1
Project("{FAE04EC0-301F-11D3-BF4B-00C04F79EFBC}") = "MagicVilla_VillaAPI", "MagicVilla_VillaAPI\MagicVilla_VillaAPI.csproj", "{CBB68846-F943-4082-A346-86D31CE573ED}"
EndProject
Global
	GlobalSection(SolutionConfigurationPlatforms) = preSolution
		Debug|Any CPU = Debug|Any CPU
		Release|Any CPU = Release|Any CPU
	EndGlobalSection
	GlobalSection(ProjectConfigurationPlatforms) = postSolution
		{CBB68846-F943-4082-A346-86D31CE573ED}.Debug|Any CPU.ActiveCfg = Debug|Any CPU
		{CBB68846-F943-4082-A346-86D31CE573ED}.Debug|Any CPU.Build.0 = Debug|Any CPU
		{CBB68846-F943-4082-A346-86D31CE573ED}.Release|Any CPU.ActiveCfg = Release|Any CPU
		{CBB68846-F943-4082-A346-86D31CE573ED}.Release|Any CPU.Build.0 = Release|Any CPU
	EndGlobalSection
	GlobalSection(SolutionProperties) = preSolution
		HideSolutionNode = FALSE
	EndGlobalSection
	GlobalSection(ExtensibilityGlobals) = postSolution
		SolutionGuid = {EFE454C1-84C8-4875-AFE5-A9B92508EDFC}
	EndGlobalSection
EndGlobal
